// !$*UTF8*$!
{
	archiveVersion = 1;
	classes = {
	};
	objectVersion = 46;
	objects = {

/* Begin PBXBuildFile section */
		DB2E885B1ED5DCCA00BBED2A /* main.m in Sources */ = {isa = PBXBuildFile; fileRef = DB2E885A1ED5DCCA00BBED2A /* main.m */; };
		DB2E885E1ED5DCCA00BBED2A /* AppDelegate.m in Sources */ = {isa = PBXBuildFile; fileRef = DB2E885D1ED5DCCA00BBED2A /* AppDelegate.m */; };
		DB2E88611ED5DCCA00BBED2A /* ViewController.m in Sources */ = {isa = PBXBuildFile; fileRef = DB2E88601ED5DCCA00BBED2A /* ViewController.m */; };
		DB2E88641ED5DCCA00BBED2A /* Main.storyboard in Resources */ = {isa = PBXBuildFile; fileRef = DB2E88621ED5DCCA00BBED2A /* Main.storyboard */; };
		DB2E88661ED5DCCA00BBED2A /* Assets.xcassets in Resources */ = {isa = PBXBuildFile; fileRef = DB2E88651ED5DCCA00BBED2A /* Assets.xcassets */; };
		DB2E88691ED5DCCA00BBED2A /* LaunchScreen.storyboard in Resources */ = {isa = PBXBuildFile; fileRef = DB2E88671ED5DCCA00BBED2A /* LaunchScreen.storyboard */; };
		DB2E88741ED5DCCA00BBED2A /* TreasureHuntingTests.m in Sources */ = {isa = PBXBuildFile; fileRef = DB2E88731ED5DCCA00BBED2A /* TreasureHuntingTests.m */; };
		DB2E887F1ED5DCCA00BBED2A /* TreasureHuntingUITests.m in Sources */ = {isa = PBXBuildFile; fileRef = DB2E887E1ED5DCCA00BBED2A /* TreasureHuntingUITests.m */; };
/* End PBXBuildFile section */

/* Begin PBXContainerItemProxy section */
		DB2E88701ED5DCCA00BBED2A /* PBXContainerItemProxy */ = {
			isa = PBXContainerItemProxy;
			containerPortal = DB2E884E1ED5DCCA00BBED2A /* Project object */;
			proxyType = 1;
			remoteGlobalIDString = DB2E88551ED5DCCA00BBED2A;
			remoteInfo = TreasureHunting;
		};
		DB2E887B1ED5DCCA00BBED2A /* PBXContainerItemProxy */ = {
			isa = PBXContainerItemProxy;
			containerPortal = DB2E884E1ED5DCCA00BBED2A /* Project object */;
			proxyType = 1;
			remoteGlobalIDString = DB2E88551ED5DCCA00BBED2A;
			remoteInfo = TreasureHunting;
		};
/* End PBXContainerItemProxy section */

/* Begin PBXFileReference section */
		DB2E88561ED5DCCA00BBED2A /* TreasureHunting.app */ = {isa = PBXFileReference; explicitFileType = wrapper.application; includeInIndex = 0; path = TreasureHunting.app; sourceTree = BUILT_PRODUCTS_DIR; };
		DB2E885A1ED5DCCA00BBED2A /* main.m */ = {isa = PBXFileReference; lastKnownFileType = sourcecode.c.objc; path = main.m; sourceTree = "<group>"; };
		DB2E885C1ED5DCCA00BBED2A /* AppDelegate.h */ = {isa = PBXFileReference; lastKnownFileType = sourcecode.c.h; path = AppDelegate.h; sourceTree = "<group>"; };
		DB2E885D1ED5DCCA00BBED2A /* AppDelegate.m */ = {isa = PBXFileReference; lastKnownFileType = sourcecode.c.objc; path = AppDelegate.m; sourceTree = "<group>"; };
		DB2E885F1ED5DCCA00BBED2A /* ViewController.h */ = {isa = PBXFileReference; lastKnownFileType = sourcecode.c.h; path = ViewController.h; sourceTree = "<group>"; };
		DB2E88601ED5DCCA00BBED2A /* ViewController.m */ = {isa = PBXFileReference; lastKnownFileType = sourcecode.c.objc; path = ViewController.m; sourceTree = "<group>"; };
		DB2E88631ED5DCCA00BBED2A /* Base */ = {isa = PBXFileReference; lastKnownFileType = file.storyboard; name = Base; path = Base.lproj/Main.storyboard; sourceTree = "<group>"; };
		DB2E88651ED5DCCA00BBED2A /* Assets.xcassets */ = {isa = PBXFileReference; lastKnownFileType = folder.assetcatalog; path = Assets.xcassets; sourceTree = "<group>"; };
		DB2E88681ED5DCCA00BBED2A /* Base */ = {isa = PBXFileReference; lastKnownFileType = file.storyboard; name = Base; path = Base.lproj/LaunchScreen.storyboard; sourceTree = "<group>"; };
		DB2E886A1ED5DCCA00BBED2A /* Info.plist */ = {isa = PBXFileReference; lastKnownFileType = text.plist.xml; path = Info.plist; sourceTree = "<group>"; };
		DB2E886F1ED5DCCA00BBED2A /* TreasureHuntingTests.xctest */ = {isa = PBXFileReference; explicitFileType = wrapper.cfbundle; includeInIndex = 0; path = TreasureHuntingTests.xctest; sourceTree = BUILT_PRODUCTS_DIR; };
		DB2E88731ED5DCCA00BBED2A /* TreasureHuntingTests.m */ = {isa = PBXFileReference; lastKnownFileType = sourcecode.c.objc; path = TreasureHuntingTests.m; sourceTree = "<group>"; };
		DB2E88751ED5DCCA00BBED2A /* Info.plist */ = {isa = PBXFileReference; lastKnownFileType = text.plist.xml; path = Info.plist; sourceTree = "<group>"; };
		DB2E887A1ED5DCCA00BBED2A /* TreasureHuntingUITests.xctest */ = {isa = PBXFileReference; explicitFileType = wrapper.cfbundle; includeInIndex = 0; path = TreasureHuntingUITests.xctest; sourceTree = BUILT_PRODUCTS_DIR; };
		DB2E887E1ED5DCCA00BBED2A /* TreasureHuntingUITests.m */ = {isa = PBXFileReference; lastKnownFileType = sourcecode.c.objc; path = TreasureHuntingUITests.m; sourceTree = "<group>"; };
		DB2E88801ED5DCCA00BBED2A /* Info.plist */ = {isa = PBXFileReference; lastKnownFileType = text.plist.xml; path = Info.plist; sourceTree = "<group>"; };
/* End PBXFileReference section */

/* Begin PBXFrameworksBuildPhase section */
		DB2E88531ED5DCCA00BBED2A /* Frameworks */ = {
			isa = PBXFrameworksBuildPhase;
			buildActionMask = 2147483647;
			files = (
			);
			runOnlyForDeploymentPostprocessing = 0;
		};
		DB2E886C1ED5DCCA00BBED2A /* Frameworks */ = {
			isa = PBXFrameworksBuildPhase;
			buildActionMask = 2147483647;
			files = (
			);
			runOnlyForDeploymentPostprocessing = 0;
		};
		DB2E88771ED5DCCA00BBED2A /* Frameworks */ = {
			isa = PBXFrameworksBuildPhase;
			buildActionMask = 2147483647;
			files = (
			);
			runOnlyForDeploymentPostprocessing = 0;
		};
/* End PBXFrameworksBuildPhase section */

/* Begin PBXGroup section */
		DB2E884D1ED5DCCA00BBED2A = {
			isa = PBXGroup;
			children = (
				DB2E88581ED5DCCA00BBED2A /* TreasureHunting */,
				DB2E88721ED5DCCA00BBED2A /* TreasureHuntingTests */,
				DB2E887D1ED5DCCA00BBED2A /* TreasureHuntingUITests */,
				DB2E88571ED5DCCA00BBED2A /* Products */,
			);
			sourceTree = "<group>";
		};
		DB2E88571ED5DCCA00BBED2A /* Products */ = {
			isa = PBXGroup;
			children = (
				DB2E88561ED5DCCA00BBED2A /* TreasureHunting.app */,
				DB2E886F1ED5DCCA00BBED2A /* TreasureHuntingTests.xctest */,
				DB2E887A1ED5DCCA00BBED2A /* TreasureHuntingUITests.xctest */,
			);
			name = Products;
			sourceTree = "<group>";
		};
		DB2E88581ED5DCCA00BBED2A /* TreasureHunting */ = {
			isa = PBXGroup;
			children = (
				DB2E885C1ED5DCCA00BBED2A /* AppDelegate.h */,
				DB2E885D1ED5DCCA00BBED2A /* AppDelegate.m */,
				DB2E885F1ED5DCCA00BBED2A /* ViewController.h */,
				DB2E88601ED5DCCA00BBED2A /* ViewController.m */,
				DB2E88621ED5DCCA00BBED2A /* Main.storyboard */,
				DB2E88651ED5DCCA00BBED2A /* Assets.xcassets */,
				DB2E88671ED5DCCA00BBED2A /* LaunchScreen.storyboard */,
				DB2E886A1ED5DCCA00BBED2A /* Info.plist */,
				DB2E88591ED5DCCA00BBED2A /* Supporting Files */,
			);
			path = TreasureHunting;
			sourceTree = "<group>";
		};
		DB2E88591ED5DCCA00BBED2A /* Supporting Files */ = {
			isa = PBXGroup;
			children = (
				DB2E885A1ED5DCCA00BBED2A /* main.m */,
			);
			name = "Supporting Files";
			sourceTree = "<group>";
		};
		DB2E88721ED5DCCA00BBED2A /* TreasureHuntingTests */ = {
			isa = PBXGroup;
			children = (
				DB2E88731ED5DCCA00BBED2A /* TreasureHuntingTests.m */,
				DB2E88751ED5DCCA00BBED2A /* Info.plist */,
			);
			path = TreasureHuntingTests;
			sourceTree = "<group>";
		};
		DB2E887D1ED5DCCA00BBED2A /* TreasureHuntingUITests */ = {
			isa = PBXGroup;
			children = (
				DB2E887E1ED5DCCA00BBED2A /* TreasureHuntingUITests.m */,
				DB2E88801ED5DCCA00BBED2A /* Info.plist */,
			);
			path = TreasureHuntingUITests;
			sourceTree = "<group>";
		};
/* End PBXGroup section */

/* Begin PBXNativeTarget section */
		DB2E88551ED5DCCA00BBED2A /* TreasureHunting */ = {
			isa = PBXNativeTarget;
			buildConfigurationList = DB2E88831ED5DCCA00BBED2A /* Build configuration list for PBXNativeTarget "TreasureHunting" */;
			buildPhases = (
				DB2E88521ED5DCCA00BBED2A /* Sources */,
				DB2E88531ED5DCCA00BBED2A /* Frameworks */,
				DB2E88541ED5DCCA00BBED2A /* Resources */,
			);
			buildRules = (
			);
			dependencies = (
			);
			name = TreasureHunting;
			productName = TreasureHunting;
			productReference = DB2E88561ED5DCCA00BBED2A /* TreasureHunting.app */;
			productType = "com.apple.product-type.application";
		};
		DB2E886E1ED5DCCA00BBED2A /* TreasureHuntingTests */ = {
			isa = PBXNativeTarget;
			buildConfigurationList = DB2E88861ED5DCCA00BBED2A /* Build configuration list for PBXNativeTarget "TreasureHuntingTests" */;
			buildPhases = (
				DB2E886B1ED5DCCA00BBED2A /* Sources */,
				DB2E886C1ED5DCCA00BBED2A /* Frameworks */,
				DB2E886D1ED5DCCA00BBED2A /* Resources */,
			);
			buildRules = (
			);
			dependencies = (
				DB2E88711ED5DCCA00BBED2A /* PBXTargetDependency */,
			);
			name = TreasureHuntingTests;
			productName = TreasureHuntingTests;
			productReference = DB2E886F1ED5DCCA00BBED2A /* TreasureHuntingTests.xctest */;
			productType = "com.apple.product-type.bundle.unit-test";
		};
		DB2E88791ED5DCCA00BBED2A /* TreasureHuntingUITests */ = {
			isa = PBXNativeTarget;
			buildConfigurationList = DB2E88891ED5DCCA00BBED2A /* Build configuration list for PBXNativeTarget "TreasureHuntingUITests" */;
			buildPhases = (
				DB2E88761ED5DCCA00BBED2A /* Sources */,
				DB2E88771ED5DCCA00BBED2A /* Frameworks */,
				DB2E88781ED5DCCA00BBED2A /* Resources */,
			);
			buildRules = (
			);
			dependencies = (
				DB2E887C1ED5DCCA00BBED2A /* PBXTargetDependency */,
			);
			name = TreasureHuntingUITests;
			productName = TreasureHuntingUITests;
			productReference = DB2E887A1ED5DCCA00BBED2A /* TreasureHuntingUITests.xctest */;
			productType = "com.apple.product-type.bundle.ui-testing";
		};
/* End PBXNativeTarget section */

/* Begin PBXProject section */
		DB2E884E1ED5DCCA00BBED2A /* Project object */ = {
			isa = PBXProject;
			attributes = {
				LastUpgradeCheck = 0830;
				ORGANIZATIONNAME = "Pavel Parkhomey";
				TargetAttributes = {
					DB2E88551ED5DCCA00BBED2A = {
						CreatedOnToolsVersion = 8.3.2;
						DevelopmentTeam = 6X88V8MC7R;
						ProvisioningStyle = Automatic;
					};
					DB2E886E1ED5DCCA00BBED2A = {
						CreatedOnToolsVersion = 8.3.2;
						DevelopmentTeam = 6X88V8MC7R;
						ProvisioningStyle = Automatic;
						TestTargetID = DB2E88551ED5DCCA00BBED2A;
					};
					DB2E88791ED5DCCA00BBED2A = {
						CreatedOnToolsVersion = 8.3.2;
						DevelopmentTeam = 6X88V8MC7R;
						ProvisioningStyle = Automatic;
						TestTargetID = DB2E88551ED5DCCA00BBED2A;
					};
				};
			};
			buildConfigurationList = DB2E88511ED5DCCA00BBED2A /* Build configuration list for PBXProject "TreasureHunting" */;
			compatibilityVersion = "Xcode 3.2";
			developmentRegion = English;
			hasScannedForEncodings = 0;
			knownRegions = (
				en,
				Base,
			);
			mainGroup = DB2E884D1ED5DCCA00BBED2A;
			productRefGroup = DB2E88571ED5DCCA00BBED2A /* Products */;
			projectDirPath = "";
			projectRoot = "";
			targets = (
				DB2E88551ED5DCCA00BBED2A /* TreasureHunting */,
				DB2E886E1ED5DCCA00BBED2A /* TreasureHuntingTests */,
				DB2E88791ED5DCCA00BBED2A /* TreasureHuntingUITests */,
			);
		};
/* End PBXProject section */

/* Begin PBXResourcesBuildPhase section */
		DB2E88541ED5DCCA00BBED2A /* Resources */ = {
			isa = PBXResourcesBuildPhase;
			buildActionMask = 2147483647;
			files = (
				DB2E88691ED5DCCA00BBED2A /* LaunchScreen.storyboard in Resources */,
				DB2E88661ED5DCCA00BBED2A /* Assets.xcassets in Resources */,
				DB2E88641ED5DCCA00BBED2A /* Main.storyboard in Resources */,
			);
			runOnlyForDeploymentPostprocessing = 0;
		};
		DB2E886D1ED5DCCA00BBED2A /* Resources */ = {
			isa = PBXResourcesBuildPhase;
			buildActionMask = 2147483647;
			files = (
			);
			runOnlyForDeploymentPostprocessing = 0;
		};
		DB2E88781ED5DCCA00BBED2A /* Resources */ = {
			isa = PBXResourcesBuildPhase;
			buildActionMask = 2147483647;
			files = (
			);
			runOnlyForDeploymentPostprocessing = 0;
		};
/* End PBXResourcesBuildPhase section */

/* Begin PBXSourcesBuildPhase section */
		DB2E88521ED5DCCA00BBED2A /* Sources */ = {
			isa = PBXSourcesBuildPhase;
			buildActionMask = 2147483647;
			files = (
				DB2E88611ED5DCCA00BBED2A /* ViewController.m in Sources */,
				DB2E885E1ED5DCCA00BBED2A /* AppDelegate.m in Sources */,
				DB2E885B1ED5DCCA00BBED2A /* main.m in Sources */,
			);
			runOnlyForDeploymentPostprocessing = 0;
		};
		DB2E886B1ED5DCCA00BBED2A /* Sources */ = {
			isa = PBXSourcesBuildPhase;
			buildActionMask = 2147483647;
			files = (
				DB2E88741ED5DCCA00BBED2A /* TreasureHuntingTests.m in Sources */,
			);
			runOnlyForDeploymentPostprocessing = 0;
		};
		DB2E88761ED5DCCA00BBED2A /* Sources */ = {
			isa = PBXSourcesBuildPhase;
			buildActionMask = 2147483647;
			files = (
				DB2E887F1ED5DCCA00BBED2A /* TreasureHuntingUITests.m in Sources */,
			);
			runOnlyForDeploymentPostprocessing = 0;
		};
/* End PBXSourcesBuildPhase section */

/* Begin PBXTargetDependency section */
		DB2E88711ED5DCCA00BBED2A /* PBXTargetDependency */ = {
			isa = PBXTargetDependency;
			target = DB2E88551ED5DCCA00BBED2A /* TreasureHunting */;
			targetProxy = DB2E88701ED5DCCA00BBED2A /* PBXContainerItemProxy */;
		};
		DB2E887C1ED5DCCA00BBED2A /* PBXTargetDependency */ = {
			isa = PBXTargetDependency;
			target = DB2E88551ED5DCCA00BBED2A /* TreasureHunting */;
			targetProxy = DB2E887B1ED5DCCA00BBED2A /* PBXContainerItemProxy */;
		};
/* End PBXTargetDependency section */

/* Begin PBXVariantGroup section */
		DB2E88621ED5DCCA00BBED2A /* Main.storyboard */ = {
			isa = PBXVariantGroup;
			children = (
				DB2E88631ED5DCCA00BBED2A /* Base */,
			);
			name = Main.storyboard;
			sourceTree = "<group>";
		};
		DB2E88671ED5DCCA00BBED2A /* LaunchScreen.storyboard */ = {
			isa = PBXVariantGroup;
			children = (
				DB2E88681ED5DCCA00BBED2A /* Base */,
			);
			name = LaunchScreen.storyboard;
			sourceTree = "<group>";
		};
/* End PBXVariantGroup section */

/* Begin XCBuildConfiguration section */
		DB2E88811ED5DCCA00BBED2A /* Debug */ = {
			isa = XCBuildConfiguration;
			buildSettings = {
				ALWAYS_SEARCH_USER_PATHS = NO;
				CLANG_ANALYZER_NONNULL = YES;
				CLANG_ANALYZER_NUMBER_OBJECT_CONVERSION = YES_AGGRESSIVE;
				CLANG_CXX_LANGUAGE_STANDARD = "gnu++0x";
				CLANG_CXX_LIBRARY = "libc++";
				CLANG_ENABLE_MODULES = YES;
				CLANG_ENABLE_OBJC_ARC = YES;
				CLANG_WARN_BOOL_CONVERSION = YES;
				CLANG_WARN_CONSTANT_CONVERSION = YES;
				CLANG_WARN_DIRECT_OBJC_ISA_USAGE = YES_ERROR;
				CLANG_WARN_DOCUMENTATION_COMMENTS = YES;
				CLANG_WARN_EMPTY_BODY = YES;
				CLANG_WARN_ENUM_CONVERSION = YES;
				CLANG_WARN_INFINITE_RECURSION = YES;
				CLANG_WARN_INT_CONVERSION = YES;
				CLANG_WARN_OBJC_ROOT_CLASS = YES_ERROR;
				CLANG_WARN_SUSPICIOUS_MOVE = YES;
				CLANG_WARN_UNREACHABLE_CODE = YES;
				CLANG_WARN__DUPLICATE_METHOD_MATCH = YES;
				"CODE_SIGN_IDENTITY[sdk=iphoneos*]" = "iPhone Developer";
				COPY_PHASE_STRIP = NO;
				DEBUG_INFORMATION_FORMAT = dwarf;
				ENABLE_STRICT_OBJC_MSGSEND = YES;
				ENABLE_TESTABILITY = YES;
				GCC_C_LANGUAGE_STANDARD = gnu99;
				GCC_DYNAMIC_NO_PIC = NO;
				GCC_NO_COMMON_BLOCKS = YES;
				GCC_OPTIMIZATION_LEVEL = 0;
				GCC_PREPROCESSOR_DEFINITIONS = (
					"DEBUG=1",
					"$(inherited)",
				);
				GCC_WARN_64_TO_32_BIT_CONVERSION = YES;
				GCC_WARN_ABOUT_RETURN_TYPE = YES_ERROR;
				GCC_WARN_UNDECLARED_SELECTOR = YES;
				GCC_WARN_UNINITIALIZED_AUTOS = YES_AGGRESSIVE;
				GCC_WARN_UNUSED_FUNCTION = YES;
				GCC_WARN_UNUSED_VARIABLE = YES;
				IPHONEOS_DEPLOYMENT_TARGET = 10.3;
				MTL_ENABLE_DEBUG_INFO = YES;
				ONLY_ACTIVE_ARCH = YES;
				SDKROOT = iphoneos;
			};
			name = Debug;
		};
		DB2E88821ED5DCCA00BBED2A /* Release */ = {
			isa = XCBuildConfiguration;
			buildSettings = {
				ALWAYS_SEARCH_USER_PATHS = NO;
				CLANG_ANALYZER_NONNULL = YES;
				CLANG_ANALYZER_NUMBER_OBJECT_CONVERSION = YES_AGGRESSIVE;
				CLANG_CXX_LANGUAGE_STANDARD = "gnu++0x";
				CLANG_CXX_LIBRARY = "libc++";
				CLANG_ENABLE_MODULES = YES;
				CLANG_ENABLE_OBJC_ARC = YES;
				CLANG_WARN_BOOL_CONVERSION = YES;
				CLANG_WARN_CONSTANT_CONVERSION = YES;
				CLANG_WARN_DIRECT_OBJC_ISA_USAGE = YES_ERROR;
				CLANG_WARN_DOCUMENTATION_COMMENTS = YES;
				CLANG_WARN_EMPTY_BODY = YES;
				CLANG_WARN_ENUM_CONVERSION = YES;
				CLANG_WARN_INFINITE_RECURSION = YES;
				CLANG_WARN_INT_CONVERSION = YES;
				CLANG_WARN_OBJC_ROOT_CLASS = YES_ERROR;
				CLANG_WARN_SUSPICIOUS_MOVE = YES;
				CLANG_WARN_UNREACHABLE_CODE = YES;
				CLANG_WARN__DUPLICATE_METHOD_MATCH = YES;
				"CODE_SIGN_IDENTITY[sdk=iphoneos*]" = "iPhone Developer";
				COPY_PHASE_STRIP = NO;
				DEBUG_INFORMATION_FORMAT = "dwarf-with-dsym";
				ENABLE_NS_ASSERTIONS = NO;
				ENABLE_STRICT_OBJC_MSGSEND = YES;
				GCC_C_LANGUAGE_STANDARD = gnu99;
				GCC_NO_COMMON_BLOCKS = YES;
				GCC_WARN_64_TO_32_BIT_CONVERSION = YES;
				GCC_WARN_ABOUT_RETURN_TYPE = YES_ERROR;
				GCC_WARN_UNDECLARED_SELECTOR = YES;
				GCC_WARN_UNINITIALIZED_AUTOS = YES_AGGRESSIVE;
				GCC_WARN_UNUSED_FUNCTION = YES;
				GCC_WARN_UNUSED_VARIABLE = YES;
				IPHONEOS_DEPLOYMENT_TARGET = 10.3;
				MTL_ENABLE_DEBUG_INFO = NO;
				SDKROOT = iphoneos;
				VALIDATE_PRODUCT = YES;
			};
			name = Release;
		};
		DB2E88841ED5DCCA00BBED2A /* Debug */ = {
			isa = XCBuildConfiguration;
			buildSettings = {
				ASSETCATALOG_COMPILER_APPICON_NAME = AppIcon;
				DEVELOPMENT_TEAM = 6X88V8MC7R;
				INFOPLIST_FILE = TreasureHunting/Info.plist;
				LD_RUNPATH_SEARCH_PATHS = "$(inherited) @executable_path/Frameworks";
				PRODUCT_BUNDLE_IDENTIFIER = com.MyFirstApp..TreasureHunting;
				PRODUCT_NAME = "$(TARGET_NAME)";
			};
			name = Debug;
		};
		DB2E88851ED5DCCA00BBED2A /* Release */ = {
			isa = XCBuildConfiguration;
			buildSettings = {
				ASSETCATALOG_COMPILER_APPICON_NAME = AppIcon;
				DEVELOPMENT_TEAM = 6X88V8MC7R;
				INFOPLIST_FILE = TreasureHunting/Info.plist;
				LD_RUNPATH_SEARCH_PATHS = "$(inherited) @executable_path/Frameworks";
				PRODUCT_BUNDLE_IDENTIFIER = com.MyFirstApp..TreasureHunting;
				PRODUCT_NAME = "$(TARGET_NAME)";
			};
			name = Release;
		};
		DB2E88871ED5DCCA00BBED2A /* Debug */ = {
			isa = XCBuildConfiguration;
			buildSettings = {
				BUNDLE_LOADER = "$(TEST_HOST)";
				DEVELOPMENT_TEAM = 6X88V8MC7R;
				INFOPLIST_FILE = TreasureHuntingTests/Info.plist;
				LD_RUNPATH_SEARCH_PATHS = "$(inherited) @executable_path/Frameworks @loader_path/Frameworks";
				PRODUCT_BUNDLE_IDENTIFIER = com.MyFirstApp..TreasureHuntingTests;
				PRODUCT_NAME = "$(TARGET_NAME)";
				TEST_HOST = "$(BUILT_PRODUCTS_DIR)/TreasureHunting.app/TreasureHunting";
			};
			name = Debug;
		};
		DB2E88881ED5DCCA00BBED2A /* Release */ = {
			isa = XCBuildConfiguration;
			buildSettings = {
				BUNDLE_LOADER = "$(TEST_HOST)";
				DEVELOPMENT_TEAM = 6X88V8MC7R;
				INFOPLIST_FILE = TreasureHuntingTests/Info.plist;
				LD_RUNPATH_SEARCH_PATHS = "$(inherited) @executable_path/Frameworks @loader_path/Frameworks";
				PRODUCT_BUNDLE_IDENTIFIER = com.MyFirstApp..TreasureHuntingTests;
				PRODUCT_NAME = "$(TARGET_NAME)";
				TEST_HOST = "$(BUILT_PRODUCTS_DIR)/TreasureHunting.app/TreasureHunting";
			};
			name = Release;
		};
		DB2E888A1ED5DCCA00BBED2A /* Debug */ = {
			isa = XCBuildConfiguration;
			buildSettings = {
				DEVELOPMENT_TEAM = 6X88V8MC7R;
				INFOPLIST_FILE = TreasureHuntingUITests/Info.plist;
				LD_RUNPATH_SEARCH_PATHS = "$(inherited) @executable_path/Frameworks @loader_path/Frameworks";
				PRODUCT_BUNDLE_IDENTIFIER = com.MyFirstApp..TreasureHuntingUITests;
				PRODUCT_NAME = "$(TARGET_NAME)";
				TEST_TARGET_NAME = TreasureHunting;
			};
			name = Debug;
		};
		DB2E888B1ED5DCCA00BBED2A /* Release */ = {
			isa = XCBuildConfiguration;
			buildSettings = {
				DEVELOPMENT_TEAM = 6X88V8MC7R;
				INFOPLIST_FILE = TreasureHuntingUITests/Info.plist;
				LD_RUNPATH_SEARCH_PATHS = "$(inherited) @executable_path/Frameworks @loader_path/Frameworks";
				PRODUCT_BUNDLE_IDENTIFIER = com.MyFirstApp..TreasureHuntingUITests;
				PRODUCT_NAME = "$(TARGET_NAME)";
				TEST_TARGET_NAME = TreasureHunting;
			};
			name = Release;
		};
/* End XCBuildConfiguration section */

/* Begin XCConfigurationList section */
		DB2E88511ED5DCCA00BBED2A /* Build configuration list for PBXProject "TreasureHunting" */ = {
			isa = XCConfigurationList;
			buildConfigurations = (
				DB2E88811ED5DCCA00BBED2A /* Debug */,
				DB2E88821ED5DCCA00BBED2A /* Release */,
			);
			defaultConfigurationIsVisible = 0;
			defaultConfigurationName = Release;
		};
		DB2E88831ED5DCCA00BBED2A /* Build configuration list for PBXNativeTarget "TreasureHunting" */ = {
			isa = XCConfigurationList;
			buildConfigurations = (
				DB2E88841ED5DCCA00BBED2A /* Debug */,
				DB2E88851ED5DCCA00BBED2A /* Release */,
			);
			defaultConfigurationIsVisible = 0;
		};
		DB2E88861ED5DCCA00BBED2A /* Build configuration list for PBXNativeTarget "TreasureHuntingTests" */ = {
			isa = XCConfigurationList;
			buildConfigurations = (
				DB2E88871ED5DCCA00BBED2A /* Debug */,
				DB2E88881ED5DCCA00BBED2A /* Release */,
			);
			defaultConfigurationIsVisible = 0;
		};
		DB2E88891ED5DCCA00BBED2A /* Build configuration list for PBXNativeTarget "TreasureHuntingUITests" */ = {
			isa = XCConfigurationList;
			buildConfigurations = (
				DB2E888A1ED5DCCA00BBED2A /* Debug */,
				DB2E888B1ED5DCCA00BBED2A /* Release */,
			);
			defaultConfigurationIsVisible = 0;
		};
/* End XCConfigurationList section */
	};
	rootObject = DB2E884E1ED5DCCA00BBED2A /* Project object */;
}
